
Microsoft Visual Studio Solution File, Format Version 12.00
# Visual Studio Version 16
VisualStudioVersion = 16.0.32510.428
MinimumVisualStudioVersion = 10.0.40219.1
Project("{9A19103F-16F7-4668-BE54-9A1E7A4F7556}") = "P01_StudentSystem", "P01_StudentSystem\P01_StudentSystem.csproj", "{A58C5E9B-D7FA-4DE5-A561-BF6AA1396A62}"
EndProject
Project("{FAE04EC0-301F-11D3-BF4B-00C04F79EFBC}") = "P03_FootballBetting", "P03_FootballBetting\P03_FootballBetting.csproj", "{DB27D9AA-604E-4A00-A6BB-0C2FA15094B5}"
EndProject
Global
	GlobalSection(SolutionConfigurationPlatforms) = preSolution
		Debug|Any CPU = Debug|Any CPU
		Release|Any CPU = Release|Any CPU
	EndGlobalSection
	GlobalSection(ProjectConfigurationPlatforms) = postSolution
		{A58C5E9B-D7FA-4DE5-A561-BF6AA1396A62}.Debug|Any CPU.ActiveCfg = Debug|Any CPU
		{A58C5E9B-D7FA-4DE5-A561-BF6AA1396A62}.Debug|Any CPU.Build.0 = Debug|Any CPU
		{A58C5E9B-D7FA-4DE5-A561-BF6AA1396A62}.Release|Any CPU.ActiveCfg = Release|Any CPU
		{A58C5E9B-D7FA-4DE5-A561-BF6AA1396A62}.Release|Any CPU.Build.0 = Release|Any CPU
		{DB27D9AA-604E-4A00-A6BB-0C2FA15094B5}.Debug|Any CPU.ActiveCfg = Debug|Any CPU
		{DB27D9AA-604E-4A00-A6BB-0C2FA15094B5}.Debug|Any CPU.Build.0 = Debug|Any CPU
		{DB27D9AA-604E-4A00-A6BB-0C2FA15094B5}.Release|Any CPU.ActiveCfg = Release|Any CPU
		{DB27D9AA-604E-4A00-A6BB-0C2FA15094B5}.Release|Any CPU.Build.0 = Release|Any CPU
	EndGlobalSection
	GlobalSection(SolutionProperties) = preSolution
		HideSolutionNode = FALSE
	EndGlobalSection
	GlobalSection(ExtensibilityGlobals) = postSolution
		SolutionGuid = {2A6A1C17-22B4-429B-BBBD-42CD901F1FD1}
	EndGlobalSection
EndGlobal
